<?xml version="1.0" encoding="utf-8"?>
<Project ToolsVersion="4.0" xmlns="http://schemas.microsoft.com/developer/msbuild/2003">
  <ItemGroup>
    <Filter Include="Source Files">
      <UniqueIdentifier>{4FC737F1-C7A5-4376-A066-2A32D752A2FF}</UniqueIdentifier>
      <Extensions>cpp;c;cc;cxx;c++;cppm;ixx;def;odl;idl;hpj;bat;asm;asmx</Extensions>
    </Filter>
    <Filter Include="Header Files">
      <UniqueIdentifier>{93995380-89BD-4b04-88EB-625FBE52EBFB}</UniqueIdentifier>
      <Extensions>h;hh;hpp;hxx;h++;hm;inl;inc;ipp;xsd</Extensions>
    </Filter>
    <Filter Include="Resource Files">
      <UniqueIdentifier>{67DA6AB6-F800-4c08-8B7A-83BB121AAD01}</UniqueIdentifier>
      <Extensions>rc;ico;cur;bmp;dlg;rc2;rct;bin;rgs;gif;jpg;jpeg;jpe;resx;tiff;tif;png;wav;mfcribbon-ms</Extensions>
    </Filter>
  </ItemGroup>
  <ItemGroup>
    <ClInclude Include="framework.h">
      <Filter>Header Files</Filter>
    </ClInclude>
    <ClInclude Include="pch.h">
      <Filter>Header Files</Filter>
    </ClInclude>
    <ClInclude Include="Includes\Utils\Arch.h">
      <Filter>Header Files</Filter>
    </ClInclude>
    <ClInclude Include="Includes\Twinkie\Twinkie.h">
      <Filter>Header Files</Filter>
    </ClInclude>
    <ClInclude Include="Includes\Twinkie\TwinkTrackmania\TwinkTrackmania.h">
      <Filter>Header Files</Filter>
    </ClInclude>
    <ClInclude Include="Includes\Utils\Offsets.h">
      <Filter>Header Files</Filter>
    </ClInclude>
    <ClInclude Include="Includes\Trackmania\TMTypes.h">
      <Filter>Header Files</Filter>
    </ClInclude>
    <ClInclude Include="Includes\Twinkie\TwinkUi\TwinkUi.h">
      <Filter>Header Files</Filter>
    </ClInclude>
    <ClInclude Include="Includes\imgui\imconfig.h">
      <Filter>Header Files</Filter>
    </ClInclude>
    <ClInclude Include="Includes\imgui\imgui.h">
      <Filter>Header Files</Filter>
    </ClInclude>
    <ClInclude Include="Includes\imgui\imgui_impl_dx9.h">
      <Filter>Header Files</Filter>
    </ClInclude>
    <ClInclude Include="Includes\imgui\imgui_impl_win32.h">
      <Filter>Header Files</Filter>
    </ClInclude>
    <ClInclude Include="Includes\imgui\imgui_internal.h">
      <Filter>Header Files</Filter>
    </ClInclude>
    <ClInclude Include="Includes\imgui\imstb_rectpack.h">
      <Filter>Header Files</Filter>
    </ClInclude>
    <ClInclude Include="Includes\imgui\imstb_textedit.h">
      <Filter>Header Files</Filter>
    </ClInclude>
    <ClInclude Include="Includes\imgui\imstb_truetype.h">
      <Filter>Header Files</Filter>
    </ClInclude>
    <ClInclude Include="Includes\imgui\imgui_impl_dx11.h">
      <Filter>Header Files</Filter>
    </ClInclude>
    <ClInclude Include="Includes\Modules\IModule.h">
      <Filter>Header Files</Filter>
    </ClInclude>
    <ClInclude Include="Includes\GlyphTable\IconsForkAwesome.h">
      <Filter>Header Files</Filter>
    </ClInclude>
    <ClInclude Include="Includes\GlyphTable\IconsKenney.h">
      <Filter>Header Files</Filter>
    </ClInclude>
    <ClInclude Include="Includes\Utils\Stdlibs.h">
      <Filter>Header Files</Filter>
    </ClInclude>
    <ClInclude Include="Includes\Modules\AppExplorerModule\AppExplorerModule.h">
      <Filter>Header Files</Filter>
    </ClInclude>
    <ClInclude Include="Includes\TMText\TMText.h">
      <Filter>Header Files</Filter>
    </ClInclude>
    <ClInclude Include="Includes\TMText\ImGuiTMText.h">
      <Filter>Header Files</Filter>
    </ClInclude>
    <ClInclude Include="Includes\Modules\AddictionUnlimiterModule\AddictionUnlimiter.h">
      <Filter>Header Files</Filter>
    </ClInclude>
    <ClInclude Include="Includes\Modules\VehicleExplorerModule\VehicleExplorerModule.h">
      <Filter>Header Files</Filter>
    </ClInclude>
    <ClInclude Include="Exports\Exports.h">
      <Filter>Header Files</Filter>
    </ClInclude>
    <ClInclude Include="Includes\Veridian\Veridian.h">
      <Filter>Header Files</Filter>
    </ClInclude>
    <ClInclude Include="Includes\Twinkie\TwinkFilePicker\TwinkFilePicker.h">
      <Filter>Header Files</Filter>
    </ClInclude>
    <ClInclude Include="Includes\Twinkie\TwinkFilePicker\TwinkFilePickerExports.h">
      <Filter>Header Files</Filter>
    </ClInclude>
    <ClInclude Include="Includes\DiscordGameSDK\SECRETS.h">
      <Filter>Header Files</Filter>
    </ClInclude>
    <ClInclude Include="Includes\DiscordGameSDK\DiscordStuff.h">
      <Filter>Header Files</Filter>
    </ClInclude>
    <ClInclude Include="Includes\DiscordGameSDK\achievement_manager.h">
      <Filter>Header Files</Filter>
    </ClInclude>
    <ClInclude Include="Includes\DiscordGameSDK\activity_manager.h">
      <Filter>Header Files</Filter>
    </ClInclude>
    <ClInclude Include="Includes\DiscordGameSDK\application_manager.h">
      <Filter>Header Files</Filter>
    </ClInclude>
    <ClInclude Include="Includes\DiscordGameSDK\core.h">
      <Filter>Header Files</Filter>
    </ClInclude>
    <ClInclude Include="Includes\DiscordGameSDK\event.h">
      <Filter>Header Files</Filter>
    </ClInclude>
    <ClInclude Include="Includes\DiscordGameSDK\ffi.h">
      <Filter>Header Files</Filter>
    </ClInclude>
    <ClInclude Include="Includes\DiscordGameSDK\image_manager.h">
      <Filter>Header Files</Filter>
    </ClInclude>
    <ClInclude Include="Includes\DiscordGameSDK\lobby_manager.h">
      <Filter>Header Files</Filter>
    </ClInclude>
    <ClInclude Include="Includes\DiscordGameSDK\network_manager.h">
      <Filter>Header Files</Filter>
    </ClInclude>
    <ClInclude Include="Includes\DiscordGameSDK\overlay_manager.h">
      <Filter>Header Files</Filter>
    </ClInclude>
    <ClInclude Include="Includes\DiscordGameSDK\relationship_manager.h">
      <Filter>Header Files</Filter>
    </ClInclude>
    <ClInclude Include="Includes\DiscordGameSDK\storage_manager.h">
      <Filter>Header Files</Filter>
    </ClInclude>
    <ClInclude Include="Includes\DiscordGameSDK\store_manager.h">
      <Filter>Header Files</Filter>
    </ClInclude>
    <ClInclude Include="Includes\DiscordGameSDK\types.h">
      <Filter>Header Files</Filter>
    </ClInclude>
    <ClInclude Include="Includes\DiscordGameSDK\user_manager.h">
      <Filter>Header Files</Filter>
    </ClInclude>
    <ClInclude Include="Includes\DiscordGameSDK\voice_manager.h">
      <Filter>Header Files</Filter>
    </ClInclude>
    <ClInclude Include="Includes\DiscordGameSDK\discord.h">
      <Filter>Header Files</Filter>
    </ClInclude>
    <ClInclude Include="Includes\Twinkie\TwinkDiscordRP\TwinkDiscordRP.h">
      <Filter>Header Files</Filter>
    </ClInclude>
    <ClInclude Include="Includes\Version.h">
      <Filter>Header Files</Filter>
    </ClInclude>
    <ClInclude Include="Includes\Modules\AboutModule\AboutModule.h">
      <Filter>Header Files</Filter>
    </ClInclude>
    <ClInclude Include="Includes\Modules\InputDisplayModule\InputDisplayModule.h">
      <Filter>Header Files</Filter>
    </ClInclude>
  </ItemGroup>
  <ItemGroup>
    <ClCompile Include="dllmain.cpp">
      <Filter>Source Files</Filter>
    </ClCompile>
    <ClCompile Include="pch.cpp">
      <Filter>Source Files</Filter>
    </ClCompile>
    <ClCompile Include="Twinkie\Twinkie.cpp">
      <Filter>Source Files</Filter>
    </ClCompile>
    <ClCompile Include="Twinkie\TwinkTrackmania\TwinkTrackmania.cpp">
      <Filter>Source Files</Filter>
    </ClCompile>
    <ClCompile Include="Trackmania\TMTypes.cpp">
      <Filter>Source Files</Filter>
    </ClCompile>
    <ClCompile Include="Twinkie\TwinkUi\TwinkUi.cpp">
      <Filter>Source Files</Filter>
    </ClCompile>
    <ClCompile Include="Includes\Utils\Offsets.cpp">
      <Filter>Source Files</Filter>
    </ClCompile>
    <ClCompile Include="Includes\imgui\imgui.cpp">
      <Filter>Source Files</Filter>
    </ClCompile>
    <ClCompile Include="Includes\imgui\imgui_demo.cpp">
      <Filter>Source Files</Filter>
    </ClCompile>
    <ClCompile Include="Includes\imgui\imgui_draw.cpp">
      <Filter>Source Files</Filter>
    </ClCompile>
    <ClCompile Include="Includes\imgui\imgui_impl_dx9.cpp">
      <Filter>Source Files</Filter>
    </ClCompile>
    <ClCompile Include="Includes\imgui\imgui_impl_win32.cpp">
      <Filter>Source Files</Filter>
    </ClCompile>
    <ClCompile Include="Includes\imgui\imgui_tables.cpp">
      <Filter>Source Files</Filter>
    </ClCompile>
    <ClCompile Include="Includes\imgui\imgui_widgets.cpp">
      <Filter>Source Files</Filter>
    </ClCompile>
    <ClCompile Include="Includes\imgui\imgui_impl_dx11.cpp">
      <Filter>Source Files</Filter>
    </ClCompile>
    <ClCompile Include="Includes\Modules\AppExplorerModule\AppExplorerModule.cpp">
      <Filter>Source Files</Filter>
    </ClCompile>
    <ClCompile Include="Includes\TMText\TMText.cpp">
      <Filter>Source Files</Filter>
    </ClCompile>
    <ClCompile Include="Includes\TMText\ImGuiTMText.cpp">
      <Filter>Source Files</Filter>
    </ClCompile>
    <ClCompile Include="Includes\Modules\AddictionUnlimiterModule\AddictionUnlimiter.cpp">
      <Filter>Source Files</Filter>
    </ClCompile>
    <ClCompile Include="Includes\Modules\VehicleExplorerModule\VehicleExplorerModule.cpp">
      <Filter>Source Files</Filter>
    </ClCompile>
    <ClCompile Include="Exports\Exports.cpp">
      <Filter>Source Files</Filter>
    </ClCompile>
    <ClCompile Include="Includes\Veridian\Veridian.cpp">
      <Filter>Source Files</Filter>
    </ClCompile>
    <ClCompile Include="Twinkie\TwinkFilePicker\TwinkFilePicker.cpp">
      <Filter>Source Files</Filter>
    </ClCompile>
    <ClCompile Include="Includes\DiscordGameSDK\DiscordStuff.cpp">
      <Filter>Source Files</Filter>
    </ClCompile>
    <ClCompile Include="Includes\DiscordGameSDK\achievement_manager.cpp">
      <Filter>Source Files</Filter>
    </ClCompile>
    <ClCompile Include="Includes\DiscordGameSDK\activity_manager.cpp">
      <Filter>Source Files</Filter>
    </ClCompile>
    <ClCompile Include="Includes\DiscordGameSDK\application_manager.cpp">
      <Filter>Source Files</Filter>
    </ClCompile>
    <ClCompile Include="Includes\DiscordGameSDK\core.cpp">
      <Filter>Source Files</Filter>
    </ClCompile>
    <ClCompile Include="Includes\DiscordGameSDK\image_manager.cpp">
      <Filter>Source Files</Filter>
    </ClCompile>
    <ClCompile Include="Includes\DiscordGameSDK\lobby_manager.cpp">
      <Filter>Source Files</Filter>
    </ClCompile>
    <ClCompile Include="Includes\DiscordGameSDK\network_manager.cpp">
      <Filter>Source Files</Filter>
    </ClCompile>
    <ClCompile Include="Includes\DiscordGameSDK\overlay_manager.cpp">
      <Filter>Source Files</Filter>
    </ClCompile>
    <ClCompile Include="Includes\DiscordGameSDK\relationship_manager.cpp">
      <Filter>Source Files</Filter>
    </ClCompile>
    <ClCompile Include="Includes\DiscordGameSDK\storage_manager.cpp">
      <Filter>Source Files</Filter>
    </ClCompile>
    <ClCompile Include="Includes\DiscordGameSDK\store_manager.cpp">
      <Filter>Source Files</Filter>
    </ClCompile>
    <ClCompile Include="Includes\DiscordGameSDK\types.cpp">
      <Filter>Source Files</Filter>
    </ClCompile>
    <ClCompile Include="Includes\DiscordGameSDK\user_manager.cpp">
      <Filter>Source Files</Filter>
    </ClCompile>
    <ClCompile Include="Includes\DiscordGameSDK\voice_manager.cpp">
      <Filter>Source Files</Filter>
    </ClCompile>
    <ClCompile Include="Twinkie\TwinkDiscordRP\TwinkDiscordRP.cpp">
      <Filter>Source Files</Filter>
    </ClCompile>
    <ClCompile Include="Includes\Modules\AboutModule\AboutModule.cpp">
      <Filter>Source Files</Filter>
    </ClCompile>
    <ClCompile Include="Includes\Modules\InputDisplayModule\InputDisplayModule.cpp">
      <Filter>Source Files</Filter>
    </ClCompile>
  </ItemGroup>
  <ItemGroup>
    <None Include="Includes\README.md" />
    <None Include="Includes\Veridian\Veridian.sln" />
    <None Include="Includes\Veridian\Veridian.vcxproj" />
    <None Include="Includes\DiscordGameSDK\x64\discord_game_sdk.dll" />
    <None Include="Includes\DiscordGameSDK\x86\discord_game_sdk.dll" />
  </ItemGroup>
  <ItemGroup>
    <Library Include="Includes\DiscordGameSDK\x64\discord_game_sdk.dll.lib" />
    <Library Include="Includes\DiscordGameSDK\x86\discord_game_sdk.dll.lib" />
  </ItemGroup>
</Project>