
Microsoft Visual Studio Solution File, Format Version 12.00
# Visual Studio Version 17
VisualStudioVersion = 17.14.36705.20
MinimumVisualStudioVersion = 10.0.40219.1
Project("{8BC9CEB8-8B4A-11D0-8D11-00A0C91BC942}") = "TwinkieX", "TwinkieX\TwinkieX.vcxproj", "{279DDCC0-04C0-4CA2-8323-AE28F21EF1F5}"
EndProject
Project("{8BC9CEB8-8B4A-11D0-8D11-00A0C91BC942}") = "DInput8Loader", "DInput8Loader\DInput8Loader.vcxproj", "{9E196799-FAEF-4A6A-B19C-35EA2D79C02E}"
EndProject
Global
	GlobalSection(SolutionConfigurationPlatforms) = preSolution
		Debug|x64 = Debug|x64
		Debug|x86 = Debug|x86
		ESWC|x64 = ESWC|x64
		ESWC|x86 = ESWC|x86
		TM1|x64 = TM1|x64
		TM1|x86 = TM1|x86
		TMCN|x64 = TMCN|x64
		TMCN|x86 = TMCN|x86
		TMO|x64 = TMO|x64
		TMO|x86 = TMO|x86
		TMS|x64 = TMS|x64
		TMS|x86 = TMS|x86
		TMSX|x64 = TMSX|x64
		TMSX|x86 = TMSX|x86
	EndGlobalSection
	GlobalSection(ProjectConfigurationPlatforms) = postSolution
		{279DDCC0-04C0-4CA2-8323-AE28F21EF1F5}.Debug|x64.ActiveCfg = Debug|x64
		{279DDCC0-04C0-4CA2-8323-AE28F21EF1F5}.Debug|x64.Build.0 = Debug|x64
		{279DDCC0-04C0-4CA2-8323-AE28F21EF1F5}.Debug|x86.ActiveCfg = Debug|Win32
		{279DDCC0-04C0-4CA2-8323-AE28F21EF1F5}.Debug|x86.Build.0 = Debug|Win32
		{279DDCC0-04C0-4CA2-8323-AE28F21EF1F5}.ESWC|x64.ActiveCfg = ESWC|x64
		{279DDCC0-04C0-4CA2-8323-AE28F21EF1F5}.ESWC|x64.Build.0 = ESWC|x64
		{279DDCC0-04C0-4CA2-8323-AE28F21EF1F5}.ESWC|x86.ActiveCfg = ESWC|Win32
		{279DDCC0-04C0-4CA2-8323-AE28F21EF1F5}.ESWC|x86.Build.0 = ESWC|Win32
		{279DDCC0-04C0-4CA2-8323-AE28F21EF1F5}.TM1|x64.ActiveCfg = TM1|x64
		{279DDCC0-04C0-4CA2-8323-AE28F21EF1F5}.TM1|x64.Build.0 = TM1|x64
		{279DDCC0-04C0-4CA2-8323-AE28F21EF1F5}.TM1|x86.ActiveCfg = TM1|Win32
		{279DDCC0-04C0-4CA2-8323-AE28F21EF1F5}.TM1|x86.Build.0 = TM1|Win32
		{279DDCC0-04C0-4CA2-8323-AE28F21EF1F5}.TMCN|x64.ActiveCfg = TMCN|x64
		{279DDCC0-04C0-4CA2-8323-AE28F21EF1F5}.TMCN|x64.Build.0 = TMCN|x64
		{279DDCC0-04C0-4CA2-8323-AE28F21EF1F5}.TMCN|x86.ActiveCfg = TMCN|Win32
		{279DDCC0-04C0-4CA2-8323-AE28F21EF1F5}.TMCN|x86.Build.0 = TMCN|Win32
		{279DDCC0-04C0-4CA2-8323-AE28F21EF1F5}.TMO|x64.ActiveCfg = TMO|x64
		{279DDCC0-04C0-4CA2-8323-AE28F21EF1F5}.TMO|x64.Build.0 = TMO|x64
		{279DDCC0-04C0-4CA2-8323-AE28F21EF1F5}.TMO|x86.ActiveCfg = TMO|Win32
		{279DDCC0-04C0-4CA2-8323-AE28F21EF1F5}.TMO|x86.Build.0 = TMO|Win32
		{279DDCC0-04C0-4CA2-8323-AE28F21EF1F5}.TMS|x64.ActiveCfg = TMS|x64
		{279DDCC0-04C0-4CA2-8323-AE28F21EF1F5}.TMS|x64.Build.0 = TMS|x64
		{279DDCC0-04C0-4CA2-8323-AE28F21EF1F5}.TMS|x86.ActiveCfg = TMS|Win32
		{279DDCC0-04C0-4CA2-8323-AE28F21EF1F5}.TMS|x86.Build.0 = TMS|Win32
		{279DDCC0-04C0-4CA2-8323-AE28F21EF1F5}.TMSX|x64.ActiveCfg = TMSX|x64
		{279DDCC0-04C0-4CA2-8323-AE28F21EF1F5}.TMSX|x64.Build.0 = TMSX|x64
		{279DDCC0-04C0-4CA2-8323-AE28F21EF1F5}.TMSX|x86.ActiveCfg = TMSX|Win32
		{279DDCC0-04C0-4CA2-8323-AE28F21EF1F5}.TMSX|x86.Build.0 = TMSX|Win32
		{9E196799-FAEF-4A6A-B19C-35EA2D79C02E}.Debug|x64.ActiveCfg = Debug|x64
		{9E196799-FAEF-4A6A-B19C-35EA2D79C02E}.Debug|x64.Build.0 = Debug|x64
		{9E196799-FAEF-4A6A-B19C-35EA2D79C02E}.Debug|x86.ActiveCfg = Debug|Win32
		{9E196799-FAEF-4A6A-B19C-35EA2D79C02E}.Debug|x86.Build.0 = Debug|Win32
		{9E196799-FAEF-4A6A-B19C-35EA2D79C02E}.ESWC|x64.ActiveCfg = Release|x64
		{9E196799-FAEF-4A6A-B19C-35EA2D79C02E}.ESWC|x86.ActiveCfg = ESWC|Win32
		{9E196799-FAEF-4A6A-B19C-35EA2D79C02E}.ESWC|x86.Build.0 = ESWC|Win32
		{9E196799-FAEF-4A6A-B19C-35EA2D79C02E}.TM1|x64.ActiveCfg = TM1|x64
		{9E196799-FAEF-4A6A-B19C-35EA2D79C02E}.TM1|x64.Build.0 = TM1|x64
		{9E196799-FAEF-4A6A-B19C-35EA2D79C02E}.TM1|x86.ActiveCfg = TM1|Win32
		{9E196799-FAEF-4A6A-B19C-35EA2D79C02E}.TM1|x86.Build.0 = TM1|Win32
		{9E196799-FAEF-4A6A-B19C-35EA2D79C02E}.TMCN|x64.ActiveCfg = TMCN|x64
		{9E196799-FAEF-4A6A-B19C-35EA2D79C02E}.TMCN|x64.Build.0 = TMCN|x64
		{9E196799-FAEF-4A6A-B19C-35EA2D79C02E}.TMCN|x86.ActiveCfg = TMCN|Win32
		{9E196799-FAEF-4A6A-B19C-35EA2D79C02E}.TMCN|x86.Build.0 = TMCN|Win32
		{9E196799-FAEF-4A6A-B19C-35EA2D79C02E}.TMO|x64.ActiveCfg = TMO|x64
		{9E196799-FAEF-4A6A-B19C-35EA2D79C02E}.TMO|x64.Build.0 = TMO|x64
		{9E196799-FAEF-4A6A-B19C-35EA2D79C02E}.TMO|x86.ActiveCfg = TMO|Win32
		{9E196799-FAEF-4A6A-B19C-35EA2D79C02E}.TMO|x86.Build.0 = TMO|Win32
		{9E196799-FAEF-4A6A-B19C-35EA2D79C02E}.TMS|x64.ActiveCfg = TMS|x64
		{9E196799-FAEF-4A6A-B19C-35EA2D79C02E}.TMS|x64.Build.0 = TMS|x64
		{9E196799-FAEF-4A6A-B19C-35EA2D79C02E}.TMS|x86.ActiveCfg = TMS|Win32
		{9E196799-FAEF-4A6A-B19C-35EA2D79C02E}.TMS|x86.Build.0 = TMS|Win32
		{9E196799-FAEF-4A6A-B19C-35EA2D79C02E}.TMSX|x64.ActiveCfg = ESWC|x64
		{9E196799-FAEF-4A6A-B19C-35EA2D79C02E}.TMSX|x86.ActiveCfg = TMSX|Win32
		{9E196799-FAEF-4A6A-B19C-35EA2D79C02E}.TMSX|x86.Build.0 = TMSX|Win32
	EndGlobalSection
	GlobalSection(SolutionProperties) = preSolution
		HideSolutionNode = FALSE
	EndGlobalSection
	GlobalSection(ExtensibilityGlobals) = postSolution
		SolutionGuid = {467E7E08-8229-49C2-A0A3-FEEF11C254BA}
	EndGlobalSection
EndGlobal
